
Microsoft Visual Studio Solution File, Format Version 12.00
# Visual Studio Version 17
VisualStudioVersion = 17.0.32126.317
MinimumVisualStudioVersion = 10.0.40219.1
Project("{FAE04EC0-301F-11D3-BF4B-00C04F79EFBC}") = "runner", "runner\runner.csproj", "{96E5C2EA-4435-4F18-820C-1FD8298EA333}"
EndProject
Global
	GlobalSection(SolutionConfigurationPlatforms) = preSolution
		Debug|Any CPU = Debug|Any CPU
		Release|Any CPU = Release|Any CPU
	EndGlobalSection
	GlobalSection(ProjectConfigurationPlatforms) = postSolution
		{96E5C2EA-4435-4F18-820C-1FD8298EA333}.Debug|Any CPU.ActiveCfg = Debug|Any CPU
		{96E5C2EA-4435-4F18-820C-1FD8298EA333}.Debug|Any CPU.Build.0 = Debug|Any CPU
		{96E5C2EA-4435-4F18-820C-1FD8298EA333}.Release|Any CPU.ActiveCfg = Release|Any CPU
		{96E5C2EA-4435-4F18-820C-1FD8298EA333}.Release|Any CPU.Build.0 = Release|Any CPU
	EndGlobalSection
	GlobalSection(SolutionProperties) = preSolution
		HideSolutionNode = FALSE
	EndGlobalSection
	GlobalSection(ExtensibilityGlobals) = postSolution
		SolutionGuid = {DF90A5F0-FF6C-47EC-B623-A4FF5E59520F}
	EndGlobalSection
EndGlobal
